
Microsoft Visual Studio Solution File, Format Version 12.00
# Visual Studio Version 17
VisualStudioVersion = 17.7.34024.191
MinimumVisualStudioVersion = 10.0.40219.1
Project("{FAE04EC0-301F-11D3-BF4B-00C04F79EFBC}") = "lecture3", "lecture3\lecture3.csproj", "{14C9E044-5827-4A52-80A1-E5DEC08C5F4A}"
EndProject
Global
	GlobalSection(SolutionConfigurationPlatforms) = preSolution
		Debug|Any CPU = Debug|Any CPU
		Release|Any CPU = Release|Any CPU
	EndGlobalSection
	GlobalSection(ProjectConfigurationPlatforms) = postSolution
		{14C9E044-5827-4A52-80A1-E5DEC08C5F4A}.Debug|Any CPU.ActiveCfg = Debug|Any CPU
		{14C9E044-5827-4A52-80A1-E5DEC08C5F4A}.Debug|Any CPU.Build.0 = Debug|Any CPU
		{14C9E044-5827-4A52-80A1-E5DEC08C5F4A}.Release|Any CPU.ActiveCfg = Release|Any CPU
		{14C9E044-5827-4A52-80A1-E5DEC08C5F4A}.Release|Any CPU.Build.0 = Release|Any CPU
	EndGlobalSection
	GlobalSection(SolutionProperties) = preSolution
		HideSolutionNode = FALSE
	EndGlobalSection
	GlobalSection(ExtensibilityGlobals) = postSolution
		SolutionGuid = {43871915-10D5-4FD1-A264-2585A81782D9}
	EndGlobalSection
EndGlobal
